// !$*UTF8*$!
{
	archiveVersion = 1;
	classes = {
	};
	objectVersion = 56;
	objects = {

/* Begin PBXBuildFile section */
		E93B1C022B0B341F00702379 /* IndexPublisher.swift in Sources */ = {isa = PBXBuildFile; fileRef = E93B1C012B0B341F00702379 /* IndexPublisher.swift */; };
		E93B1C042B0B355D00702379 /* OrientationHelper.swift in Sources */ = {isa = PBXBuildFile; fileRef = E93B1C032B0B355D00702379 /* OrientationHelper.swift */; };
		E93B1C062B0B381500702379 /* MarkdownHelper.swift in Sources */ = {isa = PBXBuildFile; fileRef = E93B1C052B0B381500702379 /* MarkdownHelper.swift */; };
		E99415042B084CAA00E58660 /* CharacterClassSelectionViewModel.swift in Sources */ = {isa = PBXBuildFile; fileRef = E99415032B084CAA00E58660 /* CharacterClassSelectionViewModel.swift */; };
		E994150F2B08590000E58660 /* CharacterCarouselPortrait.swift in Sources */ = {isa = PBXBuildFile; fileRef = E994150D2B08590000E58660 /* CharacterCarouselPortrait.swift */; };
		E99415102B08590000E58660 /* CharacterClassSelection.swift in Sources */ = {isa = PBXBuildFile; fileRef = E994150E2B08590000E58660 /* CharacterClassSelection.swift */; };
		E99415122B08592F00E58660 /* CharacterCarouselLandscape.swift in Sources */ = {isa = PBXBuildFile; fileRef = E99415112B08592F00E58660 /* CharacterCarouselLandscape.swift */; };
		E99415142B08757200E58660 /* CharacterClassDetailSheet.swift in Sources */ = {isa = PBXBuildFile; fileRef = E99415132B08757200E58660 /* CharacterClassDetailSheet.swift */; };
		E99415172B09805000E58660 /* AbilityAdjustment.swift in Sources */ = {isa = PBXBuildFile; fileRef = E99415162B09805000E58660 /* AbilityAdjustment.swift */; };
		E99415192B0984B800E58660 /* Hexagon.swift in Sources */ = {isa = PBXBuildFile; fileRef = E99415182B0984B800E58660 /* Hexagon.swift */; };
		E994151D2B099EE800E58660 /* Triangle.swift in Sources */ = {isa = PBXBuildFile; fileRef = E994151C2B099EE800E58660 /* Triangle.swift */; };
		E994151F2B09B4B900E58660 /* AdjustmentBlock.swift in Sources */ = {isa = PBXBuildFile; fileRef = E994151E2B09B4B900E58660 /* AdjustmentBlock.swift */; };
		E99415212B09C05E00E58660 /* AbilityAdjustmentViewModel.swift in Sources */ = {isa = PBXBuildFile; fileRef = E99415202B09C05E00E58660 /* AbilityAdjustmentViewModel.swift */; };
		E99415232B09DB0900E58660 /* AbilityAdjustmentPresentationPortrait.swift in Sources */ = {isa = PBXBuildFile; fileRef = E99415222B09DB0900E58660 /* AbilityAdjustmentPresentationPortrait.swift */; };
		E99415252B09DB2700E58660 /* AbilityAdjustmentPresentationLandscape.swift in Sources */ = {isa = PBXBuildFile; fileRef = E99415242B09DB2700E58660 /* AbilityAdjustmentPresentationLandscape.swift */; };
		E99415282B09ECA300E58660 /* CharacterDetails.swift in Sources */ = {isa = PBXBuildFile; fileRef = E99415272B09ECA300E58660 /* CharacterDetails.swift */; };
		E994152A2B09ECEA00E58660 /* CharacterDetailsViewModel.swift in Sources */ = {isa = PBXBuildFile; fileRef = E99415292B09ECEA00E58660 /* CharacterDetailsViewModel.swift */; };
		E99415312B09F86500E58660 /* ArtsPolyhedralDiceD4Rounded.ttf in Resources */ = {isa = PBXBuildFile; fileRef = E994152F2B09F5CF00E58660 /* ArtsPolyhedralDiceD4Rounded.ttf */; };
		E99415322B09F88100E58660 /* ArtsPolyhedralDiceD6.ttf in Resources */ = {isa = PBXBuildFile; fileRef = E994152C2B09F5CF00E58660 /* ArtsPolyhedralDiceD6.ttf */; };
		E99415332B09F88400E58660 /* ArtsPolyhedralDiceD8.ttf in Resources */ = {isa = PBXBuildFile; fileRef = E99415302B09F5CF00E58660 /* ArtsPolyhedralDiceD8.ttf */; };
		E99415342B09F88800E58660 /* ArtsPolyhedralDiceD10.ttf in Resources */ = {isa = PBXBuildFile; fileRef = E994152D2B09F5CF00E58660 /* ArtsPolyhedralDiceD10.ttf */; };
		E99415352B09F88B00E58660 /* ArtsPolyhedralDiceD12.ttf in Resources */ = {isa = PBXBuildFile; fileRef = E994152E2B09F5CF00E58660 /* ArtsPolyhedralDiceD12.ttf */; };
		E99415362B09F88F00E58660 /* ArtsPolyhedralDiceD20.ttf in Resources */ = {isa = PBXBuildFile; fileRef = E994152B2B09F5CF00E58660 /* ArtsPolyhedralDiceD20.ttf */; };
		E99415382B0A0AA400E58660 /* Die.swift in Sources */ = {isa = PBXBuildFile; fileRef = E99415372B0A0AA400E58660 /* Die.swift */; };
		E9A52AC92B0AAC3D009E90C1 /* Coinage.swift in Sources */ = {isa = PBXBuildFile; fileRef = E9A52AC82B0AAC3D009E90C1 /* Coinage.swift */; };
		E9FD77582B04899F00596BF0 /* DungeonDelversOSRToolkitApp.swift in Sources */ = {isa = PBXBuildFile; fileRef = E9FD77572B04899F00596BF0 /* DungeonDelversOSRToolkitApp.swift */; };
		E9FD775A2B04899F00596BF0 /* ContentView.swift in Sources */ = {isa = PBXBuildFile; fileRef = E9FD77592B04899F00596BF0 /* ContentView.swift */; };
		E9FD775C2B0489A000596BF0 /* Assets.xcassets in Resources */ = {isa = PBXBuildFile; fileRef = E9FD775B2B0489A000596BF0 /* Assets.xcassets */; };
		E9FD775F2B0489A000596BF0 /* Preview Assets.xcassets in Resources */ = {isa = PBXBuildFile; fileRef = E9FD775E2B0489A000596BF0 /* Preview Assets.xcassets */; };
		E9FD77682B048D0600596BF0 /* CharacterAbility.swift in Sources */ = {isa = PBXBuildFile; fileRef = E9FD77672B048D0600596BF0 /* CharacterAbility.swift */; };
		E9FD776A2B048D3100596BF0 /* CharacterMod.swift in Sources */ = {isa = PBXBuildFile; fileRef = E9FD77692B048D3100596BF0 /* CharacterMod.swift */; };
		E9FD776C2B048D5C00596BF0 /* PlayerCharacter.swift in Sources */ = {isa = PBXBuildFile; fileRef = E9FD776B2B048D5C00596BF0 /* PlayerCharacter.swift */; };
		E9FD776E2B048D8400596BF0 /* ApplicationScreen.swift in Sources */ = {isa = PBXBuildFile; fileRef = E9FD776D2B048D8400596BF0 /* ApplicationScreen.swift */; };
		E9FD77712B048DB000596BF0 /* Ability.swift in Sources */ = {isa = PBXBuildFile; fileRef = E9FD77702B048DB000596BF0 /* Ability.swift */; };
		E9FD77732B048DD100596BF0 /* Modifier.swift in Sources */ = {isa = PBXBuildFile; fileRef = E9FD77722B048DD100596BF0 /* Modifier.swift */; };
		E9FD77762B048DFD00596BF0 /* Stat.swift in Sources */ = {isa = PBXBuildFile; fileRef = E9FD77752B048DFD00596BF0 /* Stat.swift */; };
		E9FD77782B048E2C00596BF0 /* Mod.swift in Sources */ = {isa = PBXBuildFile; fileRef = E9FD77772B048E2C00596BF0 /* Mod.swift */; };
		E9FD777A2B048E4E00596BF0 /* SpokenLanguage.swift in Sources */ = {isa = PBXBuildFile; fileRef = E9FD77792B048E4E00596BF0 /* SpokenLanguage.swift */; };
		E9FD777C2B048E6600596BF0 /* Literacy.swift in Sources */ = {isa = PBXBuildFile; fileRef = E9FD777B2B048E6600596BF0 /* Literacy.swift */; };
		E9FD777E2B048E7F00596BF0 /* Alignment.swift in Sources */ = {isa = PBXBuildFile; fileRef = E9FD777D2B048E7F00596BF0 /* Alignment.swift */; };
		E9FD77802B048EA300596BF0 /* Screen.swift in Sources */ = {isa = PBXBuildFile; fileRef = E9FD777F2B048EA300596BF0 /* Screen.swift */; };
		E9FD77822B048EB800596BF0 /* TypeFace.swift in Sources */ = {isa = PBXBuildFile; fileRef = E9FD77812B048EB800596BF0 /* TypeFace.swift */; };
		E9FD77842B048ED800596BF0 /* Section.swift in Sources */ = {isa = PBXBuildFile; fileRef = E9FD77832B048ED800596BF0 /* Section.swift */; };
		E9FD77862B048EF800596BF0 /* CharacterClass.swift in Sources */ = {isa = PBXBuildFile; fileRef = E9FD77852B048EF800596BF0 /* CharacterClass.swift */; };
		E9FD77882B048F1000596BF0 /* Language.swift in Sources */ = {isa = PBXBuildFile; fileRef = E9FD77872B048F1000596BF0 /* Language.swift */; };
		E9FD778C2B049B4400596BF0 /* Handlee-Regular.ttf in Resources */ = {isa = PBXBuildFile; fileRef = E9FD778A2B04991200596BF0 /* Handlee-Regular.ttf */; };
		E9FD77902B049E0F00596BF0 /* AbilityStatBlock.swift in Sources */ = {isa = PBXBuildFile; fileRef = E9FD778F2B049E0F00596BF0 /* AbilityStatBlock.swift */; };
		E9FD77922B049EAE00596BF0 /* Typography.swift in Sources */ = {isa = PBXBuildFile; fileRef = E9FD77912B049EAE00596BF0 /* Typography.swift */; };
		E9FD77942B049FE400596BF0 /* CircularStar.swift in Sources */ = {isa = PBXBuildFile; fileRef = E9FD77932B049FE400596BF0 /* CircularStar.swift */; };
		E9FD77962B04A17A00596BF0 /* AbilityFlourish.swift in Sources */ = {isa = PBXBuildFile; fileRef = E9FD77952B04A17A00596BF0 /* AbilityFlourish.swift */; };
		E9FD77982B04A44800596BF0 /* GlobalBackground.swift in Sources */ = {isa = PBXBuildFile; fileRef = E9FD77972B04A44800596BF0 /* GlobalBackground.swift */; };
		E9FD779B2B04A77300596BF0 /* Abilities.swift in Sources */ = {isa = PBXBuildFile; fileRef = E9FD779A2B04A77300596BF0 /* Abilities.swift */; };
		E9FD779E2B04B46600596BF0 /* AbilityViewModel.swift in Sources */ = {isa = PBXBuildFile; fileRef = E9FD779D2B04B46600596BF0 /* AbilityViewModel.swift */; };
		E9FD77A02B05CBCB00596BF0 /* AbilityStatBlockItems.swift in Sources */ = {isa = PBXBuildFile; fileRef = E9FD779F2B05CBCB00596BF0 /* AbilityStatBlockItems.swift */; };
		E9FD77A22B05CED100596BF0 /* Buttons.swift in Sources */ = {isa = PBXBuildFile; fileRef = E9FD77A12B05CED100596BF0 /* Buttons.swift */; };
		E9FD77A42B05E20A00596BF0 /* AbilityPresentationPortrait.swift in Sources */ = {isa = PBXBuildFile; fileRef = E9FD77A32B05E20A00596BF0 /* AbilityPresentationPortrait.swift */; };
		E9FD77A62B05E2BE00596BF0 /* AbilityPresentationLandscape.swift in Sources */ = {isa = PBXBuildFile; fileRef = E9FD77A52B05E2BE00596BF0 /* AbilityPresentationLandscape.swift */; };
		E9FD77A82B05F0CF00596BF0 /* BulletedText.swift in Sources */ = {isa = PBXBuildFile; fileRef = E9FD77A72B05F0CF00596BF0 /* BulletedText.swift */; };
		E9FD77AA2B05F61800596BF0 /* AbilityDetailSheet.swift in Sources */ = {isa = PBXBuildFile; fileRef = E9FD77A92B05F61800596BF0 /* AbilityDetailSheet.swift */; };
		E9FD77AD2B05F69B00596BF0 /* ModCalculator.swift in Sources */ = {isa = PBXBuildFile; fileRef = E9FD77AC2B05F69B00596BF0 /* ModCalculator.swift */; };
		E9FD77AF2B05F6D700596BF0 /* ModifierViewModel.swift in Sources */ = {isa = PBXBuildFile; fileRef = E9FD77AE2B05F6D700596BF0 /* ModifierViewModel.swift */; };
/* End PBXBuildFile section */

/* Begin PBXFileReference section */
		E93B1C012B0B341F00702379 /* IndexPublisher.swift */ = {isa = PBXFileReference; lastKnownFileType = sourcecode.swift; path = IndexPublisher.swift; sourceTree = "<group>"; };
		E93B1C032B0B355D00702379 /* OrientationHelper.swift */ = {isa = PBXFileReference; lastKnownFileType = sourcecode.swift; path = OrientationHelper.swift; sourceTree = "<group>"; };
		E93B1C052B0B381500702379 /* MarkdownHelper.swift */ = {isa = PBXFileReference; lastKnownFileType = sourcecode.swift; path = MarkdownHelper.swift; sourceTree = "<group>"; };
		E99415032B084CAA00E58660 /* CharacterClassSelectionViewModel.swift */ = {isa = PBXFileReference; lastKnownFileType = sourcecode.swift; path = CharacterClassSelectionViewModel.swift; sourceTree = "<group>"; };
		E994150D2B08590000E58660 /* CharacterCarouselPortrait.swift */ = {isa = PBXFileReference; fileEncoding = 4; lastKnownFileType = sourcecode.swift; path = CharacterCarouselPortrait.swift; sourceTree = "<group>"; };
		E994150E2B08590000E58660 /* CharacterClassSelection.swift */ = {isa = PBXFileReference; fileEncoding = 4; lastKnownFileType = sourcecode.swift; path = CharacterClassSelection.swift; sourceTree = "<group>"; };
		E99415112B08592F00E58660 /* CharacterCarouselLandscape.swift */ = {isa = PBXFileReference; lastKnownFileType = sourcecode.swift; path = CharacterCarouselLandscape.swift; sourceTree = "<group>"; };
		E99415132B08757200E58660 /* CharacterClassDetailSheet.swift */ = {isa = PBXFileReference; lastKnownFileType = sourcecode.swift; path = CharacterClassDetailSheet.swift; sourceTree = "<group>"; };
		E99415162B09805000E58660 /* AbilityAdjustment.swift */ = {isa = PBXFileReference; lastKnownFileType = sourcecode.swift; path = AbilityAdjustment.swift; sourceTree = "<group>"; };
		E99415182B0984B800E58660 /* Hexagon.swift */ = {isa = PBXFileReference; lastKnownFileType = sourcecode.swift; path = Hexagon.swift; sourceTree = "<group>"; };
		E994151C2B099EE800E58660 /* Triangle.swift */ = {isa = PBXFileReference; lastKnownFileType = sourcecode.swift; path = Triangle.swift; sourceTree = "<group>"; };
		E994151E2B09B4B900E58660 /* AdjustmentBlock.swift */ = {isa = PBXFileReference; lastKnownFileType = sourcecode.swift; path = AdjustmentBlock.swift; sourceTree = "<group>"; };
		E99415202B09C05E00E58660 /* AbilityAdjustmentViewModel.swift */ = {isa = PBXFileReference; lastKnownFileType = sourcecode.swift; path = AbilityAdjustmentViewModel.swift; sourceTree = "<group>"; };
		E99415222B09DB0900E58660 /* AbilityAdjustmentPresentationPortrait.swift */ = {isa = PBXFileReference; lastKnownFileType = sourcecode.swift; path = AbilityAdjustmentPresentationPortrait.swift; sourceTree = "<group>"; };
		E99415242B09DB2700E58660 /* AbilityAdjustmentPresentationLandscape.swift */ = {isa = PBXFileReference; lastKnownFileType = sourcecode.swift; path = AbilityAdjustmentPresentationLandscape.swift; sourceTree = "<group>"; };
		E99415272B09ECA300E58660 /* CharacterDetails.swift */ = {isa = PBXFileReference; lastKnownFileType = sourcecode.swift; path = CharacterDetails.swift; sourceTree = "<group>"; };
		E99415292B09ECEA00E58660 /* CharacterDetailsViewModel.swift */ = {isa = PBXFileReference; lastKnownFileType = sourcecode.swift; path = CharacterDetailsViewModel.swift; sourceTree = "<group>"; };
		E994152B2B09F5CF00E58660 /* ArtsPolyhedralDiceD20.ttf */ = {isa = PBXFileReference; lastKnownFileType = file; path = ArtsPolyhedralDiceD20.ttf; sourceTree = "<group>"; };
		E994152C2B09F5CF00E58660 /* ArtsPolyhedralDiceD6.ttf */ = {isa = PBXFileReference; lastKnownFileType = file; path = ArtsPolyhedralDiceD6.ttf; sourceTree = "<group>"; };
		E994152D2B09F5CF00E58660 /* ArtsPolyhedralDiceD10.ttf */ = {isa = PBXFileReference; lastKnownFileType = file; path = ArtsPolyhedralDiceD10.ttf; sourceTree = "<group>"; };
		E994152E2B09F5CF00E58660 /* ArtsPolyhedralDiceD12.ttf */ = {isa = PBXFileReference; lastKnownFileType = file; path = ArtsPolyhedralDiceD12.ttf; sourceTree = "<group>"; };
		E994152F2B09F5CF00E58660 /* ArtsPolyhedralDiceD4Rounded.ttf */ = {isa = PBXFileReference; lastKnownFileType = file; path = ArtsPolyhedralDiceD4Rounded.ttf; sourceTree = "<group>"; };
		E99415302B09F5CF00E58660 /* ArtsPolyhedralDiceD8.ttf */ = {isa = PBXFileReference; lastKnownFileType = file; path = ArtsPolyhedralDiceD8.ttf; sourceTree = "<group>"; };
		E99415372B0A0AA400E58660 /* Die.swift */ = {isa = PBXFileReference; lastKnownFileType = sourcecode.swift; path = Die.swift; sourceTree = "<group>"; };
		E9A52AC82B0AAC3D009E90C1 /* Coinage.swift */ = {isa = PBXFileReference; lastKnownFileType = sourcecode.swift; path = Coinage.swift; sourceTree = "<group>"; };
		E9FD77542B04899F00596BF0 /* DungeonDelversOSRToolkit.app */ = {isa = PBXFileReference; explicitFileType = wrapper.application; includeInIndex = 0; path = DungeonDelversOSRToolkit.app; sourceTree = BUILT_PRODUCTS_DIR; };
		E9FD77572B04899F00596BF0 /* DungeonDelversOSRToolkitApp.swift */ = {isa = PBXFileReference; lastKnownFileType = sourcecode.swift; path = DungeonDelversOSRToolkitApp.swift; sourceTree = "<group>"; };
		E9FD77592B04899F00596BF0 /* ContentView.swift */ = {isa = PBXFileReference; lastKnownFileType = sourcecode.swift; path = ContentView.swift; sourceTree = "<group>"; };
		E9FD775B2B0489A000596BF0 /* Assets.xcassets */ = {isa = PBXFileReference; lastKnownFileType = folder.assetcatalog; path = Assets.xcassets; sourceTree = "<group>"; };
		E9FD775E2B0489A000596BF0 /* Preview Assets.xcassets */ = {isa = PBXFileReference; lastKnownFileType = folder.assetcatalog; path = "Preview Assets.xcassets"; sourceTree = "<group>"; };
		E9FD77672B048D0600596BF0 /* CharacterAbility.swift */ = {isa = PBXFileReference; lastKnownFileType = sourcecode.swift; path = CharacterAbility.swift; sourceTree = "<group>"; };
		E9FD77692B048D3100596BF0 /* CharacterMod.swift */ = {isa = PBXFileReference; lastKnownFileType = sourcecode.swift; path = CharacterMod.swift; sourceTree = "<group>"; };
		E9FD776B2B048D5C00596BF0 /* PlayerCharacter.swift */ = {isa = PBXFileReference; lastKnownFileType = sourcecode.swift; path = PlayerCharacter.swift; sourceTree = "<group>"; };
		E9FD776D2B048D8400596BF0 /* ApplicationScreen.swift */ = {isa = PBXFileReference; lastKnownFileType = sourcecode.swift; path = ApplicationScreen.swift; sourceTree = "<group>"; };
		E9FD77702B048DB000596BF0 /* Ability.swift */ = {isa = PBXFileReference; lastKnownFileType = sourcecode.swift; path = Ability.swift; sourceTree = "<group>"; };
		E9FD77722B048DD100596BF0 /* Modifier.swift */ = {isa = PBXFileReference; lastKnownFileType = sourcecode.swift; path = Modifier.swift; sourceTree = "<group>"; };
		E9FD77752B048DFD00596BF0 /* Stat.swift */ = {isa = PBXFileReference; lastKnownFileType = sourcecode.swift; path = Stat.swift; sourceTree = "<group>"; };
		E9FD77772B048E2C00596BF0 /* Mod.swift */ = {isa = PBXFileReference; lastKnownFileType = sourcecode.swift; path = Mod.swift; sourceTree = "<group>"; };
		E9FD77792B048E4E00596BF0 /* SpokenLanguage.swift */ = {isa = PBXFileReference; lastKnownFileType = sourcecode.swift; path = SpokenLanguage.swift; sourceTree = "<group>"; };
		E9FD777B2B048E6600596BF0 /* Literacy.swift */ = {isa = PBXFileReference; lastKnownFileType = sourcecode.swift; path = Literacy.swift; sourceTree = "<group>"; };
		E9FD777D2B048E7F00596BF0 /* Alignment.swift */ = {isa = PBXFileReference; lastKnownFileType = sourcecode.swift; path = Alignment.swift; sourceTree = "<group>"; };
		E9FD777F2B048EA300596BF0 /* Screen.swift */ = {isa = PBXFileReference; lastKnownFileType = sourcecode.swift; path = Screen.swift; sourceTree = "<group>"; };
		E9FD77812B048EB800596BF0 /* TypeFace.swift */ = {isa = PBXFileReference; lastKnownFileType = sourcecode.swift; path = TypeFace.swift; sourceTree = "<group>"; };
		E9FD77832B048ED800596BF0 /* Section.swift */ = {isa = PBXFileReference; lastKnownFileType = sourcecode.swift; path = Section.swift; sourceTree = "<group>"; };
		E9FD77852B048EF800596BF0 /* CharacterClass.swift */ = {isa = PBXFileReference; lastKnownFileType = sourcecode.swift; path = CharacterClass.swift; sourceTree = "<group>"; };
		E9FD77872B048F1000596BF0 /* Language.swift */ = {isa = PBXFileReference; lastKnownFileType = sourcecode.swift; path = Language.swift; sourceTree = "<group>"; };
		E9FD778A2B04991200596BF0 /* Handlee-Regular.ttf */ = {isa = PBXFileReference; lastKnownFileType = file; path = "Handlee-Regular.ttf"; sourceTree = "<group>"; };
		E9FD778B2B049A1A00596BF0 /* Info.plist */ = {isa = PBXFileReference; lastKnownFileType = text.plist; path = Info.plist; sourceTree = "<group>"; };
		E9FD778F2B049E0F00596BF0 /* AbilityStatBlock.swift */ = {isa = PBXFileReference; lastKnownFileType = sourcecode.swift; path = AbilityStatBlock.swift; sourceTree = "<group>"; };
		E9FD77912B049EAE00596BF0 /* Typography.swift */ = {isa = PBXFileReference; lastKnownFileType = sourcecode.swift; path = Typography.swift; sourceTree = "<group>"; };
		E9FD77932B049FE400596BF0 /* CircularStar.swift */ = {isa = PBXFileReference; lastKnownFileType = sourcecode.swift; path = CircularStar.swift; sourceTree = "<group>"; };
		E9FD77952B04A17A00596BF0 /* AbilityFlourish.swift */ = {isa = PBXFileReference; lastKnownFileType = sourcecode.swift; path = AbilityFlourish.swift; sourceTree = "<group>"; };
		E9FD77972B04A44800596BF0 /* GlobalBackground.swift */ = {isa = PBXFileReference; lastKnownFileType = sourcecode.swift; path = GlobalBackground.swift; sourceTree = "<group>"; };
		E9FD779A2B04A77300596BF0 /* Abilities.swift */ = {isa = PBXFileReference; lastKnownFileType = sourcecode.swift; path = Abilities.swift; sourceTree = "<group>"; };
		E9FD779D2B04B46600596BF0 /* AbilityViewModel.swift */ = {isa = PBXFileReference; lastKnownFileType = sourcecode.swift; path = AbilityViewModel.swift; sourceTree = "<group>"; };
		E9FD779F2B05CBCB00596BF0 /* AbilityStatBlockItems.swift */ = {isa = PBXFileReference; lastKnownFileType = sourcecode.swift; path = AbilityStatBlockItems.swift; sourceTree = "<group>"; };
		E9FD77A12B05CED100596BF0 /* Buttons.swift */ = {isa = PBXFileReference; lastKnownFileType = sourcecode.swift; path = Buttons.swift; sourceTree = "<group>"; };
		E9FD77A32B05E20A00596BF0 /* AbilityPresentationPortrait.swift */ = {isa = PBXFileReference; lastKnownFileType = sourcecode.swift; path = AbilityPresentationPortrait.swift; sourceTree = "<group>"; };
		E9FD77A52B05E2BE00596BF0 /* AbilityPresentationLandscape.swift */ = {isa = PBXFileReference; lastKnownFileType = sourcecode.swift; path = AbilityPresentationLandscape.swift; sourceTree = "<group>"; };
		E9FD77A72B05F0CF00596BF0 /* BulletedText.swift */ = {isa = PBXFileReference; lastKnownFileType = sourcecode.swift; path = BulletedText.swift; sourceTree = "<group>"; };
		E9FD77A92B05F61800596BF0 /* AbilityDetailSheet.swift */ = {isa = PBXFileReference; lastKnownFileType = sourcecode.swift; path = AbilityDetailSheet.swift; sourceTree = "<group>"; };
		E9FD77AC2B05F69B00596BF0 /* ModCalculator.swift */ = {isa = PBXFileReference; lastKnownFileType = sourcecode.swift; path = ModCalculator.swift; sourceTree = "<group>"; };
		E9FD77AE2B05F6D700596BF0 /* ModifierViewModel.swift */ = {isa = PBXFileReference; lastKnownFileType = sourcecode.swift; path = ModifierViewModel.swift; sourceTree = "<group>"; };
/* End PBXFileReference section */

/* Begin PBXFrameworksBuildPhase section */
		E9FD77512B04899F00596BF0 /* Frameworks */ = {
			isa = PBXFrameworksBuildPhase;
			buildActionMask = 2147483647;
			files = (
			);
			runOnlyForDeploymentPostprocessing = 0;
		};
/* End PBXFrameworksBuildPhase section */

/* Begin PBXGroup section */
		E99415152B09801A00E58660 /* 3-AbilityAdjustment */ = {
			isa = PBXGroup;
			children = (
				E99415162B09805000E58660 /* AbilityAdjustment.swift */,
				E99415222B09DB0900E58660 /* AbilityAdjustmentPresentationPortrait.swift */,
				E99415242B09DB2700E58660 /* AbilityAdjustmentPresentationLandscape.swift */,
			);
			path = "3-AbilityAdjustment";
			sourceTree = "<group>";
		};
		E99415262B09EC7E00E58660 /* 4-characterDetails */ = {
			isa = PBXGroup;
			children = (
				E99415272B09ECA300E58660 /* CharacterDetails.swift */,
			);
			path = "4-characterDetails";
			sourceTree = "<group>";
		};
		E9FD774B2B04899F00596BF0 = {
			isa = PBXGroup;
			children = (
				E9FD77562B04899F00596BF0 /* DungeonDelversOSRToolkit */,
				E9FD77552B04899F00596BF0 /* Products */,
			);
			sourceTree = "<group>";
		};
		E9FD77552B04899F00596BF0 /* Products */ = {
			isa = PBXGroup;
			children = (
				E9FD77542B04899F00596BF0 /* DungeonDelversOSRToolkit.app */,
			);
			name = Products;
			sourceTree = "<group>";
		};
		E9FD77562B04899F00596BF0 /* DungeonDelversOSRToolkit */ = {
			isa = PBXGroup;
			children = (
				E9FD778B2B049A1A00596BF0 /* Info.plist */,
				E9FD77AB2B05F67800596BF0 /* Helpers */,
				E9FD778D2B049DDB00596BF0 /* Views */,
				E9FD779C2B04B44C00596BF0 /* ViewModels */,
				E9FD77892B04990400596BF0 /* Resources */,
				E9FD77742B048DF400596BF0 /* Enums */,
				E9FD776F2B048D9A00596BF0 /* Protocols */,
				E9FD77662B048CF400596BF0 /* Models */,
				E9FD77572B04899F00596BF0 /* DungeonDelversOSRToolkitApp.swift */,
				E9FD77592B04899F00596BF0 /* ContentView.swift */,
				E9FD775B2B0489A000596BF0 /* Assets.xcassets */,
				E9FD775D2B0489A000596BF0 /* Preview Content */,
			);
			path = DungeonDelversOSRToolkit;
			sourceTree = "<group>";
		};
		E9FD775D2B0489A000596BF0 /* Preview Content */ = {
			isa = PBXGroup;
			children = (
				E9FD775E2B0489A000596BF0 /* Preview Assets.xcassets */,
			);
			path = "Preview Content";
			sourceTree = "<group>";
		};
		E9FD77662B048CF400596BF0 /* Models */ = {
			isa = PBXGroup;
			children = (
				E9FD77672B048D0600596BF0 /* CharacterAbility.swift */,
				E9FD77692B048D3100596BF0 /* CharacterMod.swift */,
				E9FD776B2B048D5C00596BF0 /* PlayerCharacter.swift */,
				E9FD776D2B048D8400596BF0 /* ApplicationScreen.swift */,
				E93B1C012B0B341F00702379 /* IndexPublisher.swift */,
			);
			path = Models;
			sourceTree = "<group>";
		};
		E9FD776F2B048D9A00596BF0 /* Protocols */ = {
			isa = PBXGroup;
			children = (
				E9FD77702B048DB000596BF0 /* Ability.swift */,
				E9FD77722B048DD100596BF0 /* Modifier.swift */,
			);
			path = Protocols;
			sourceTree = "<group>";
		};
		E9FD77742B048DF400596BF0 /* Enums */ = {
			isa = PBXGroup;
			children = (
				E9FD77752B048DFD00596BF0 /* Stat.swift */,
				E9FD77772B048E2C00596BF0 /* Mod.swift */,
				E9FD77792B048E4E00596BF0 /* SpokenLanguage.swift */,
				E9FD777B2B048E6600596BF0 /* Literacy.swift */,
				E9FD777D2B048E7F00596BF0 /* Alignment.swift */,
				E9FD777F2B048EA300596BF0 /* Screen.swift */,
				E9FD77812B048EB800596BF0 /* TypeFace.swift */,
				E9FD77832B048ED800596BF0 /* Section.swift */,
				E9FD77852B048EF800596BF0 /* CharacterClass.swift */,
				E9FD77872B048F1000596BF0 /* Language.swift */,
				E99415372B0A0AA400E58660 /* Die.swift */,
				E9A52AC82B0AAC3D009E90C1 /* Coinage.swift */,
			);
			path = Enums;
			sourceTree = "<group>";
		};
		E9FD77892B04990400596BF0 /* Resources */ = {
			isa = PBXGroup;
			children = (
				E994152F2B09F5CF00E58660 /* ArtsPolyhedralDiceD4Rounded.ttf */,
				E994152C2B09F5CF00E58660 /* ArtsPolyhedralDiceD6.ttf */,
				E99415302B09F5CF00E58660 /* ArtsPolyhedralDiceD8.ttf */,
				E994152D2B09F5CF00E58660 /* ArtsPolyhedralDiceD10.ttf */,
				E994152E2B09F5CF00E58660 /* ArtsPolyhedralDiceD12.ttf */,
				E994152B2B09F5CF00E58660 /* ArtsPolyhedralDiceD20.ttf */,
				E9FD778A2B04991200596BF0 /* Handlee-Regular.ttf */,
			);
			path = Resources;
			sourceTree = "<group>";
		};
		E9FD778D2B049DDB00596BF0 /* Views */ = {
			isa = PBXGroup;
			children = (
				E99415262B09EC7E00E58660 /* 4-characterDetails */,
				E99415152B09801A00E58660 /* 3-AbilityAdjustment */,
				E9FD77B32B075C7900596BF0 /* 2-CharacterClass */,
				E9FD77992B04A70300596BF0 /* 1-Abilities */,
				E9FD778E2B049DE200596BF0 /* Atomics */,
			);
			path = Views;
			sourceTree = "<group>";
		};
		E9FD778E2B049DE200596BF0 /* Atomics */ = {
			isa = PBXGroup;
			children = (
				E994151E2B09B4B900E58660 /* AdjustmentBlock.swift */,
				E9FD778F2B049E0F00596BF0 /* AbilityStatBlock.swift */,
				E9FD77912B049EAE00596BF0 /* Typography.swift */,
				E9FD77932B049FE400596BF0 /* CircularStar.swift */,
				E9FD77952B04A17A00596BF0 /* AbilityFlourish.swift */,
				E9FD77972B04A44800596BF0 /* GlobalBackground.swift */,
				E9FD77A12B05CED100596BF0 /* Buttons.swift */,
				E9FD77A72B05F0CF00596BF0 /* BulletedText.swift */,
				E99415182B0984B800E58660 /* Hexagon.swift */,
				E994151C2B099EE800E58660 /* Triangle.swift */,
			);
			path = Atomics;
			sourceTree = "<group>";
		};
		E9FD77992B04A70300596BF0 /* 1-Abilities */ = {
			isa = PBXGroup;
			children = (
				E9FD779A2B04A77300596BF0 /* Abilities.swift */,
				E9FD779F2B05CBCB00596BF0 /* AbilityStatBlockItems.swift */,
				E9FD77A32B05E20A00596BF0 /* AbilityPresentationPortrait.swift */,
				E9FD77A52B05E2BE00596BF0 /* AbilityPresentationLandscape.swift */,
				E9FD77A92B05F61800596BF0 /* AbilityDetailSheet.swift */,
			);
			path = "1-Abilities";
			sourceTree = "<group>";
		};
		E9FD779C2B04B44C00596BF0 /* ViewModels */ = {
			isa = PBXGroup;
			children = (
				E9FD779D2B04B46600596BF0 /* AbilityViewModel.swift */,
				E9FD77AE2B05F6D700596BF0 /* ModifierViewModel.swift */,
				E99415032B084CAA00E58660 /* CharacterClassSelectionViewModel.swift */,
				E99415202B09C05E00E58660 /* AbilityAdjustmentViewModel.swift */,
				E99415292B09ECEA00E58660 /* CharacterDetailsViewModel.swift */,
			);
			path = ViewModels;
			sourceTree = "<group>";
		};
		E9FD77AB2B05F67800596BF0 /* Helpers */ = {
			isa = PBXGroup;
			children = (
				E9FD77AC2B05F69B00596BF0 /* ModCalculator.swift */,
				E93B1C032B0B355D00702379 /* OrientationHelper.swift */,
				E93B1C052B0B381500702379 /* MarkdownHelper.swift */,
			);
			path = Helpers;
			sourceTree = "<group>";
		};
		E9FD77B32B075C7900596BF0 /* 2-CharacterClass */ = {
			isa = PBXGroup;
			children = (
				E994150D2B08590000E58660 /* CharacterCarouselPortrait.swift */,
				E994150E2B08590000E58660 /* CharacterClassSelection.swift */,
				E99415112B08592F00E58660 /* CharacterCarouselLandscape.swift */,
				E99415132B08757200E58660 /* CharacterClassDetailSheet.swift */,
			);
			path = "2-CharacterClass";
			sourceTree = "<group>";
		};
/* End PBXGroup section */

/* Begin PBXNativeTarget section */
		E9FD77532B04899F00596BF0 /* DungeonDelversOSRToolkit */ = {
			isa = PBXNativeTarget;
			buildConfigurationList = E9FD77622B0489A000596BF0 /* Build configuration list for PBXNativeTarget "DungeonDelversOSRToolkit" */;
			buildPhases = (
				E9FD77652B0489B900596BF0 /* ShellScript */,
				E9FD77502B04899F00596BF0 /* Sources */,
				E9FD77512B04899F00596BF0 /* Frameworks */,
				E9FD77522B04899F00596BF0 /* Resources */,
			);
			buildRules = (
			);
			dependencies = (
			);
			name = DungeonDelversOSRToolkit;
			productName = DungeonDelversOSRToolkit;
			productReference = E9FD77542B04899F00596BF0 /* DungeonDelversOSRToolkit.app */;
			productType = "com.apple.product-type.application";
		};
/* End PBXNativeTarget section */

/* Begin PBXProject section */
		E9FD774C2B04899F00596BF0 /* Project object */ = {
			isa = PBXProject;
			attributes = {
				BuildIndependentTargetsInParallel = 1;
				LastSwiftUpdateCheck = 1500;
				LastUpgradeCheck = 1500;
				TargetAttributes = {
					E9FD77532B04899F00596BF0 = {
						CreatedOnToolsVersion = 15.0.1;
					};
				};
			};
			buildConfigurationList = E9FD774F2B04899F00596BF0 /* Build configuration list for PBXProject "DungeonDelversOSRToolkit" */;
			compatibilityVersion = "Xcode 14.0";
			developmentRegion = en;
			hasScannedForEncodings = 0;
			knownRegions = (
				en,
				Base,
			);
			mainGroup = E9FD774B2B04899F00596BF0;
			productRefGroup = E9FD77552B04899F00596BF0 /* Products */;
			projectDirPath = "";
			projectRoot = "";
			targets = (
				E9FD77532B04899F00596BF0 /* DungeonDelversOSRToolkit */,
			);
		};
/* End PBXProject section */

/* Begin PBXResourcesBuildPhase section */
		E9FD77522B04899F00596BF0 /* Resources */ = {
			isa = PBXResourcesBuildPhase;
			buildActionMask = 2147483647;
			files = (
				E99415362B09F88F00E58660 /* ArtsPolyhedralDiceD20.ttf in Resources */,
				E9FD778C2B049B4400596BF0 /* Handlee-Regular.ttf in Resources */,
				E99415342B09F88800E58660 /* ArtsPolyhedralDiceD10.ttf in Resources */,
				E9FD775F2B0489A000596BF0 /* Preview Assets.xcassets in Resources */,
				E9FD775C2B0489A000596BF0 /* Assets.xcassets in Resources */,
				E99415332B09F88400E58660 /* ArtsPolyhedralDiceD8.ttf in Resources */,
				E99415312B09F86500E58660 /* ArtsPolyhedralDiceD4Rounded.ttf in Resources */,
				E99415322B09F88100E58660 /* ArtsPolyhedralDiceD6.ttf in Resources */,
				E99415352B09F88B00E58660 /* ArtsPolyhedralDiceD12.ttf in Resources */,
			);
			runOnlyForDeploymentPostprocessing = 0;
		};
/* End PBXResourcesBuildPhase section */

/* Begin PBXShellScriptBuildPhase section */
		E9FD77652B0489B900596BF0 /* ShellScript */ = {
			isa = PBXShellScriptBuildPhase;
			alwaysOutOfDate = 1;
			buildActionMask = 2147483647;
			files = (
			);
			inputFileListPaths = (
			);
			inputPaths = (
			);
			outputFileListPaths = (
			);
			outputPaths = (
			);
			runOnlyForDeploymentPostprocessing = 0;
			shellPath = /bin/sh;
			shellScript = "# Type a script or drag a script file from your workspace to insert its path.\nPATH=/opt/homebrew/bin:$PATH\nif [ -f ~/com.raywenderlich.swiftlint.yml ]; then\n  if which swiftlint >/dev/null; then\n    swiftlint --no-cache --config ~/com.raywenderlich.swiftlint.yml\n  fi\nfi\n";
		};
/* End PBXShellScriptBuildPhase section */

/* Begin PBXSourcesBuildPhase section */
		E9FD77502B04899F00596BF0 /* Sources */ = {
			isa = PBXSourcesBuildPhase;
			buildActionMask = 2147483647;
			files = (
				E994151F2B09B4B900E58660 /* AdjustmentBlock.swift in Sources */,
				E9FD77A22B05CED100596BF0 /* Buttons.swift in Sources */,
				E9FD777A2B048E4E00596BF0 /* SpokenLanguage.swift in Sources */,
				E99415042B084CAA00E58660 /* CharacterClassSelectionViewModel.swift in Sources */,
				E9FD77762B048DFD00596BF0 /* Stat.swift in Sources */,
				E9FD77862B048EF800596BF0 /* CharacterClass.swift in Sources */,
				E9FD77882B048F1000596BF0 /* Language.swift in Sources */,
				E9FD777C2B048E6600596BF0 /* Literacy.swift in Sources */,
				E9FD77732B048DD100596BF0 /* Modifier.swift in Sources */,
				E994150F2B08590000E58660 /* CharacterCarouselPortrait.swift in Sources */,
				E99415252B09DB2700E58660 /* AbilityAdjustmentPresentationLandscape.swift in Sources */,
				E994151D2B099EE800E58660 /* Triangle.swift in Sources */,
				E99415142B08757200E58660 /* CharacterClassDetailSheet.swift in Sources */,
				E9FD775A2B04899F00596BF0 /* ContentView.swift in Sources */,
				E9FD77942B049FE400596BF0 /* CircularStar.swift in Sources */,
				E9FD779B2B04A77300596BF0 /* Abilities.swift in Sources */,
				E9FD77962B04A17A00596BF0 /* AbilityFlourish.swift in Sources */,
				E9FD77682B048D0600596BF0 /* CharacterAbility.swift in Sources */,
				E93B1C062B0B381500702379 /* MarkdownHelper.swift in Sources */,
				E9FD77782B048E2C00596BF0 /* Mod.swift in Sources */,
				E93B1C042B0B355D00702379 /* OrientationHelper.swift in Sources */,
				E9FD77AA2B05F61800596BF0 /* AbilityDetailSheet.swift in Sources */,
				E9FD77802B048EA300596BF0 /* Screen.swift in Sources */,
				E99415102B08590000E58660 /* CharacterClassSelection.swift in Sources */,
				E9FD77922B049EAE00596BF0 /* Typography.swift in Sources */,
				E9FD776A2B048D3100596BF0 /* CharacterMod.swift in Sources */,
				E994152A2B09ECEA00E58660 /* CharacterDetailsViewModel.swift in Sources */,
				E9FD77AF2B05F6D700596BF0 /* ModifierViewModel.swift in Sources */,
				E9FD77A62B05E2BE00596BF0 /* AbilityPresentationLandscape.swift in Sources */,
				E93B1C022B0B341F00702379 /* IndexPublisher.swift in Sources */,
				E99415212B09C05E00E58660 /* AbilityAdjustmentViewModel.swift in Sources */,
				E9FD77A82B05F0CF00596BF0 /* BulletedText.swift in Sources */,
				E99415122B08592F00E58660 /* CharacterCarouselLandscape.swift in Sources */,
				E99415382B0A0AA400E58660 /* Die.swift in Sources */,
				E9FD77A02B05CBCB00596BF0 /* AbilityStatBlockItems.swift in Sources */,
				E9FD777E2B048E7F00596BF0 /* Alignment.swift in Sources */,
				E9FD77982B04A44800596BF0 /* GlobalBackground.swift in Sources */,
				E9FD779E2B04B46600596BF0 /* AbilityViewModel.swift in Sources */,
				E9FD77902B049E0F00596BF0 /* AbilityStatBlock.swift in Sources */,
				E99415282B09ECA300E58660 /* CharacterDetails.swift in Sources */,
				E9FD77AD2B05F69B00596BF0 /* ModCalculator.swift in Sources */,
				E9A52AC92B0AAC3D009E90C1 /* Coinage.swift in Sources */,
				E9FD77712B048DB000596BF0 /* Ability.swift in Sources */,
				E9FD77582B04899F00596BF0 /* DungeonDelversOSRToolkitApp.swift in Sources */,
				E9FD776E2B048D8400596BF0 /* ApplicationScreen.swift in Sources */,
				E99415192B0984B800E58660 /* Hexagon.swift in Sources */,
				E99415172B09805000E58660 /* AbilityAdjustment.swift in Sources */,
				E9FD77842B048ED800596BF0 /* Section.swift in Sources */,
				E9FD77A42B05E20A00596BF0 /* AbilityPresentationPortrait.swift in Sources */,
				E99415232B09DB0900E58660 /* AbilityAdjustmentPresentationPortrait.swift in Sources */,
				E9FD776C2B048D5C00596BF0 /* PlayerCharacter.swift in Sources */,
				E9FD77822B048EB800596BF0 /* TypeFace.swift in Sources */,
			);
			runOnlyForDeploymentPostprocessing = 0;
		};
/* End PBXSourcesBuildPhase section */

/* Begin XCBuildConfiguration section */
		E9FD77602B0489A000596BF0 /* Debug */ = {
			isa = XCBuildConfiguration;
			buildSettings = {
				ALWAYS_SEARCH_USER_PATHS = NO;
				ASSETCATALOG_COMPILER_GENERATE_SWIFT_ASSET_SYMBOL_EXTENSIONS = YES;
				CLANG_ANALYZER_NONNULL = YES;
				CLANG_ANALYZER_NUMBER_OBJECT_CONVERSION = YES_AGGRESSIVE;
				CLANG_CXX_LANGUAGE_STANDARD = "gnu++20";
				CLANG_ENABLE_MODULES = YES;
				CLANG_ENABLE_OBJC_ARC = YES;
				CLANG_ENABLE_OBJC_WEAK = YES;
				CLANG_WARN_BLOCK_CAPTURE_AUTORELEASING = YES;
				CLANG_WARN_BOOL_CONVERSION = YES;
				CLANG_WARN_COMMA = YES;
				CLANG_WARN_CONSTANT_CONVERSION = YES;
				CLANG_WARN_DEPRECATED_OBJC_IMPLEMENTATIONS = YES;
				CLANG_WARN_DIRECT_OBJC_ISA_USAGE = YES_ERROR;
				CLANG_WARN_DOCUMENTATION_COMMENTS = YES;
				CLANG_WARN_EMPTY_BODY = YES;
				CLANG_WARN_ENUM_CONVERSION = YES;
				CLANG_WARN_INFINITE_RECURSION = YES;
				CLANG_WARN_INT_CONVERSION = YES;
				CLANG_WARN_NON_LITERAL_NULL_CONVERSION = YES;
				CLANG_WARN_OBJC_IMPLICIT_RETAIN_SELF = YES;
				CLANG_WARN_OBJC_LITERAL_CONVERSION = YES;
				CLANG_WARN_OBJC_ROOT_CLASS = YES_ERROR;
				CLANG_WARN_QUOTED_INCLUDE_IN_FRAMEWORK_HEADER = YES;
				CLANG_WARN_RANGE_LOOP_ANALYSIS = YES;
				CLANG_WARN_STRICT_PROTOTYPES = YES;
				CLANG_WARN_SUSPICIOUS_MOVE = YES;
				CLANG_WARN_UNGUARDED_AVAILABILITY = YES_AGGRESSIVE;
				CLANG_WARN_UNREACHABLE_CODE = YES;
				CLANG_WARN__DUPLICATE_METHOD_MATCH = YES;
				COPY_PHASE_STRIP = NO;
				DEBUG_INFORMATION_FORMAT = dwarf;
				ENABLE_STRICT_OBJC_MSGSEND = YES;
				ENABLE_TESTABILITY = YES;
				ENABLE_USER_SCRIPT_SANDBOXING = NO;
				GCC_C_LANGUAGE_STANDARD = gnu17;
				GCC_DYNAMIC_NO_PIC = NO;
				GCC_NO_COMMON_BLOCKS = YES;
				GCC_OPTIMIZATION_LEVEL = 0;
				GCC_PREPROCESSOR_DEFINITIONS = (
					"DEBUG=1",
					"$(inherited)",
				);
				GCC_WARN_64_TO_32_BIT_CONVERSION = YES;
				GCC_WARN_ABOUT_RETURN_TYPE = YES_ERROR;
				GCC_WARN_UNDECLARED_SELECTOR = YES;
				GCC_WARN_UNINITIALIZED_AUTOS = YES_AGGRESSIVE;
				GCC_WARN_UNUSED_FUNCTION = YES;
				GCC_WARN_UNUSED_VARIABLE = YES;
				IPHONEOS_DEPLOYMENT_TARGET = 17.0;
				LOCALIZATION_PREFERS_STRING_CATALOGS = YES;
				MTL_ENABLE_DEBUG_INFO = INCLUDE_SOURCE;
				MTL_FAST_MATH = YES;
				ONLY_ACTIVE_ARCH = YES;
				SDKROOT = iphoneos;
				SWIFT_ACTIVE_COMPILATION_CONDITIONS = "DEBUG $(inherited)";
				SWIFT_OPTIMIZATION_LEVEL = "-Onone";
			};
			name = Debug;
		};
		E9FD77612B0489A000596BF0 /* Release */ = {
			isa = XCBuildConfiguration;
			buildSettings = {
				ALWAYS_SEARCH_USER_PATHS = NO;
				ASSETCATALOG_COMPILER_GENERATE_SWIFT_ASSET_SYMBOL_EXTENSIONS = YES;
				CLANG_ANALYZER_NONNULL = YES;
				CLANG_ANALYZER_NUMBER_OBJECT_CONVERSION = YES_AGGRESSIVE;
				CLANG_CXX_LANGUAGE_STANDARD = "gnu++20";
				CLANG_ENABLE_MODULES = YES;
				CLANG_ENABLE_OBJC_ARC = YES;
				CLANG_ENABLE_OBJC_WEAK = YES;
				CLANG_WARN_BLOCK_CAPTURE_AUTORELEASING = YES;
				CLANG_WARN_BOOL_CONVERSION = YES;
				CLANG_WARN_COMMA = YES;
				CLANG_WARN_CONSTANT_CONVERSION = YES;
				CLANG_WARN_DEPRECATED_OBJC_IMPLEMENTATIONS = YES;
				CLANG_WARN_DIRECT_OBJC_ISA_USAGE = YES_ERROR;
				CLANG_WARN_DOCUMENTATION_COMMENTS = YES;
				CLANG_WARN_EMPTY_BODY = YES;
				CLANG_WARN_ENUM_CONVERSION = YES;
				CLANG_WARN_INFINITE_RECURSION = YES;
				CLANG_WARN_INT_CONVERSION = YES;
				CLANG_WARN_NON_LITERAL_NULL_CONVERSION = YES;
				CLANG_WARN_OBJC_IMPLICIT_RETAIN_SELF = YES;
				CLANG_WARN_OBJC_LITERAL_CONVERSION = YES;
				CLANG_WARN_OBJC_ROOT_CLASS = YES_ERROR;
				CLANG_WARN_QUOTED_INCLUDE_IN_FRAMEWORK_HEADER = YES;
				CLANG_WARN_RANGE_LOOP_ANALYSIS = YES;
				CLANG_WARN_STRICT_PROTOTYPES = YES;
				CLANG_WARN_SUSPICIOUS_MOVE = YES;
				CLANG_WARN_UNGUARDED_AVAILABILITY = YES_AGGRESSIVE;
				CLANG_WARN_UNREACHABLE_CODE = YES;
				CLANG_WARN__DUPLICATE_METHOD_MATCH = YES;
				COPY_PHASE_STRIP = NO;
				DEBUG_INFORMATION_FORMAT = "dwarf-with-dsym";
				ENABLE_NS_ASSERTIONS = NO;
				ENABLE_STRICT_OBJC_MSGSEND = YES;
				ENABLE_USER_SCRIPT_SANDBOXING = NO;
				GCC_C_LANGUAGE_STANDARD = gnu17;
				GCC_NO_COMMON_BLOCKS = YES;
				GCC_WARN_64_TO_32_BIT_CONVERSION = YES;
				GCC_WARN_ABOUT_RETURN_TYPE = YES_ERROR;
				GCC_WARN_UNDECLARED_SELECTOR = YES;
				GCC_WARN_UNINITIALIZED_AUTOS = YES_AGGRESSIVE;
				GCC_WARN_UNUSED_FUNCTION = YES;
				GCC_WARN_UNUSED_VARIABLE = YES;
				IPHONEOS_DEPLOYMENT_TARGET = 17.0;
				LOCALIZATION_PREFERS_STRING_CATALOGS = YES;
				MTL_ENABLE_DEBUG_INFO = NO;
				MTL_FAST_MATH = YES;
				SDKROOT = iphoneos;
				SWIFT_COMPILATION_MODE = wholemodule;
				VALIDATE_PRODUCT = YES;
			};
			name = Release;
		};
		E9FD77632B0489A000596BF0 /* Debug */ = {
			isa = XCBuildConfiguration;
			buildSettings = {
				ASSETCATALOG_COMPILER_APPICON_NAME = AppIcon;
				ASSETCATALOG_COMPILER_GLOBAL_ACCENT_COLOR_NAME = AccentColor;
				CODE_SIGN_STYLE = Automatic;
				CURRENT_PROJECT_VERSION = 1;
				DEVELOPMENT_ASSET_PATHS = "\"DungeonDelversOSRToolkit/Preview Content\"";
				DEVELOPMENT_TEAM = AM4NFC4797;
				ENABLE_PREVIEWS = YES;
				GENERATE_INFOPLIST_FILE = YES;
				INFOPLIST_FILE = DungeonDelversOSRToolkit/Info.plist;
				INFOPLIST_KEY_UIApplicationSceneManifest_Generation = YES;
				INFOPLIST_KEY_UIApplicationSupportsIndirectInputEvents = YES;
				INFOPLIST_KEY_UILaunchScreen_Generation = YES;
				INFOPLIST_KEY_UISupportedInterfaceOrientations_iPad = "UIInterfaceOrientationPortrait UIInterfaceOrientationPortraitUpsideDown UIInterfaceOrientationLandscapeLeft UIInterfaceOrientationLandscapeRight";
				INFOPLIST_KEY_UISupportedInterfaceOrientations_iPhone = "UIInterfaceOrientationPortrait UIInterfaceOrientationLandscapeLeft UIInterfaceOrientationLandscapeRight";
				LD_RUNPATH_SEARCH_PATHS = (
					"$(inherited)",
					"@executable_path/Frameworks",
				);
				MARKETING_VERSION = 1.0;
				PRODUCT_BUNDLE_IDENTIFIER = com.cwdegidio.DungeonDelversOSRToolkit;
				PRODUCT_NAME = "$(TARGET_NAME)";
				SWIFT_EMIT_LOC_STRINGS = YES;
				SWIFT_VERSION = 5.0;
				TARGETED_DEVICE_FAMILY = "1,2";
			};
			name = Debug;
		};
		E9FD77642B0489A000596BF0 /* Release */ = {
			isa = XCBuildConfiguration;
			buildSettings = {
				ASSETCATALOG_COMPILER_APPICON_NAME = AppIcon;
				ASSETCATALOG_COMPILER_GLOBAL_ACCENT_COLOR_NAME = AccentColor;
				CODE_SIGN_STYLE = Automatic;
				CURRENT_PROJECT_VERSION = 1;
				DEVELOPMENT_ASSET_PATHS = "\"DungeonDelversOSRToolkit/Preview Content\"";
				DEVELOPMENT_TEAM = AM4NFC4797;
				ENABLE_PREVIEWS = YES;
				GENERATE_INFOPLIST_FILE = YES;
				INFOPLIST_FILE = DungeonDelversOSRToolkit/Info.plist;
				INFOPLIST_KEY_UIApplicationSceneManifest_Generation = YES;
				INFOPLIST_KEY_UIApplicationSupportsIndirectInputEvents = YES;
				INFOPLIST_KEY_UILaunchScreen_Generation = YES;
				INFOPLIST_KEY_UISupportedInterfaceOrientations_iPad = "UIInterfaceOrientationPortrait UIInterfaceOrientationPortraitUpsideDown UIInterfaceOrientationLandscapeLeft UIInterfaceOrientationLandscapeRight";
				INFOPLIST_KEY_UISupportedInterfaceOrientations_iPhone = "UIInterfaceOrientationPortrait UIInterfaceOrientationLandscapeLeft UIInterfaceOrientationLandscapeRight";
				LD_RUNPATH_SEARCH_PATHS = (
					"$(inherited)",
					"@executable_path/Frameworks",
				);
				MARKETING_VERSION = 1.0;
				PRODUCT_BUNDLE_IDENTIFIER = com.cwdegidio.DungeonDelversOSRToolkit;
				PRODUCT_NAME = "$(TARGET_NAME)";
				SWIFT_EMIT_LOC_STRINGS = YES;
				SWIFT_VERSION = 5.0;
				TARGETED_DEVICE_FAMILY = "1,2";
			};
			name = Release;
		};
/* End XCBuildConfiguration section */

/* Begin XCConfigurationList section */
		E9FD774F2B04899F00596BF0 /* Build configuration list for PBXProject "DungeonDelversOSRToolkit" */ = {
			isa = XCConfigurationList;
			buildConfigurations = (
				E9FD77602B0489A000596BF0 /* Debug */,
				E9FD77612B0489A000596BF0 /* Release */,
			);
			defaultConfigurationIsVisible = 0;
			defaultConfigurationName = Release;
		};
		E9FD77622B0489A000596BF0 /* Build configuration list for PBXNativeTarget "DungeonDelversOSRToolkit" */ = {
			isa = XCConfigurationList;
			buildConfigurations = (
				E9FD77632B0489A000596BF0 /* Debug */,
				E9FD77642B0489A000596BF0 /* Release */,
			);
			defaultConfigurationIsVisible = 0;
			defaultConfigurationName = Release;
		};
/* End XCConfigurationList section */
	};
	rootObject = E9FD774C2B04899F00596BF0 /* Project object */;
}
